{
    "_readme": [
        "This file locks the dependencies of your project to a known state",
        "Read more about it at https://getcomposer.org/doc/01-basic-usage.md#installing-dependencies",
        "This file is @generated automatically"
    ],
    "content-hash": "8c5f65d84174fddbd48fdac4e9b0a50e",
    "packages": [],
    "packages-dev": [
        {
            "name": "eaglewu/swoole-ide-helper",
            "version": "dev-master",
            "source": {
                "type": "git",
                "url": "https://github.com/wudi/swoole-ide-helper.git",
                "reference": "a255daa05feffbf4b88d59897a9470696d2fe259"
            },
            "dist": {
                "type": "zip",
                "url": "https://github-api-proxy.cnpkg.org/repos/wudi/swoole-ide-helper/zipball/a255daa05feffbf4b88d59897a9470696d2fe259",
                "reference": "a255daa05feffbf4b88d59897a9470696d2fe259",
                "shasum": ""
            },
            "type": "library",
            "notification-url": "https://repo.packagist.org/downloads/",
            "license": [
                "MIT"
            ],
            "authors": [
                {
                    "name": "eagle",
                    "email": "eaglewudi@gmail.com",
                    "role": "lead"
                }
            ],
            "description": "Swoole IDE Helper, to improve auto-completion",
            "keywords": [
                "autocomplete",
                "codeintel",
                "helper",
                "ide",
                "netbeans",
                "phpdoc",
                "phpstorm",
                "sublime",
                "swoole"
            ],
            "time": "2019-11-02T07:18:22+00:00"
        }
    ],
    "aliases": [],
    "minimum-stability": "stable",
    "stability-flags": {
        "eaglewu/swoole-ide-helper": 20
    },
    "prefer-stable": false,
    "prefer-lowest": false,
    "platform": [],
    "platform-dev": []
}
